
Microsoft Visual Studio Solution File, Format Version 11.00
# Visual Studio 2010
Project("{FAE04EC0-301F-11D3-BF4B-00C04F79EFBC}") = "Microsoft.MixedReality.Toolkit.SDK", "Microsoft.MixedReality.Toolkit.SDK.csproj", "{62B0943F-DCBF-CBCC-A4B9-81DD704779FA}"
EndProject
Project("{FAE04EC0-301F-11D3-BF4B-00C04F79EFBC}") = "Microsoft.MixedReality.Toolkit.Providers.OpenVR", "Microsoft.MixedReality.Toolkit.Providers.OpenVR.csproj", "{FEDF60B9-DC3A-1874-E257-06BFEC05E406}"
EndProject
Project("{FAE04EC0-301F-11D3-BF4B-00C04F79EFBC}") = "Microsoft.MixedReality.Toolkit.Examples", "Microsoft.MixedReality.Toolkit.Examples.csproj", "{98DBB542-08AB-E198-57A2-CCE93A5E60C7}"
EndProject
Project("{FAE04EC0-301F-11D3-BF4B-00C04F79EFBC}") = "Microsoft.MixedReality.Toolkit", "Microsoft.MixedReality.Toolkit.csproj", "{FC90FA30-8603-1762-9759-D470FFFCBDC7}"
EndProject
Project("{FAE04EC0-301F-11D3-BF4B-00C04F79EFBC}") = "Microsoft.MixedReality.Toolkit.Services.SpatialAwarenessSystem", "Microsoft.MixedReality.Toolkit.Services.SpatialAwarenessSystem.csproj", "{05FFF3A4-29B4-C311-364B-F3A54F51364B}"
EndProject
Project("{FAE04EC0-301F-11D3-BF4B-00C04F79EFBC}") = "Assembly-CSharp", "Assembly-CSharp.csproj", "{BDCBCAA5-E476-C49B-2CE0-13F8601215FB}"
EndProject
Project("{FAE04EC0-301F-11D3-BF4B-00C04F79EFBC}") = "Microsoft.MixedReality.Toolkit.Gltf", "Microsoft.MixedReality.Toolkit.Gltf.csproj", "{F91F79BC-0540-B3B3-63CF-34779E75DFC1}"
EndProject
Project("{FAE04EC0-301F-11D3-BF4B-00C04F79EFBC}") = "Microsoft.MixedReality.Toolkit.Services.SceneSystem", "Microsoft.MixedReality.Toolkit.Services.SceneSystem.csproj", "{B4902718-AE55-E2E9-F135-156A211131F0}"
EndProject
Project("{FAE04EC0-301F-11D3-BF4B-00C04F79EFBC}") = "Microsoft.MixedReality.Toolkit.Services.InputSystem", "Microsoft.MixedReality.Toolkit.Services.InputSystem.csproj", "{9F23788E-F3DA-1F1D-7A08-167EC04E80DA}"
EndProject
Project("{FAE04EC0-301F-11D3-BF4B-00C04F79EFBC}") = "Microsoft.MixedReality.Toolkit.Services.InputAnimation", "Microsoft.MixedReality.Toolkit.Services.InputAnimation.csproj", "{212D5C40-F7DE-602F-A808-91D8FB9345C8}"
EndProject
Project("{FAE04EC0-301F-11D3-BF4B-00C04F79EFBC}") = "Microsoft.MixedReality.Toolkit.Services.InputSimulation", "Microsoft.MixedReality.Toolkit.Services.InputSimulation.csproj", "{FAE95D7C-DDAA-308C-B34F-2F268F7F809E}"
EndProject
Project("{FAE04EC0-301F-11D3-BF4B-00C04F79EFBC}") = "Microsoft.MixedReality.Toolkit.Services.DiagnosticsSystem", "Microsoft.MixedReality.Toolkit.Services.DiagnosticsSystem.csproj", "{CBAC722F-2344-2847-3601-00EF0ABB0E14}"
EndProject
Project("{FAE04EC0-301F-11D3-BF4B-00C04F79EFBC}") = "Microsoft.MixedReality.Toolkit.Demos.InspectorFields", "Microsoft.MixedReality.Toolkit.Demos.InspectorFields.csproj", "{F27E0D9B-AFEC-F4CC-ECF7-C5816E0CDE17}"
EndProject
Project("{FAE04EC0-301F-11D3-BF4B-00C04F79EFBC}") = "Microsoft.MixedReality.Toolkit.Async", "Microsoft.MixedReality.Toolkit.Async.csproj", "{27FF859E-39EA-2792-C528-7D9D725A1D34}"
EndProject
Project("{FAE04EC0-301F-11D3-BF4B-00C04F79EFBC}") = "Microsoft.MixedReality.Toolkit.Providers.WindowsMixedReality", "Microsoft.MixedReality.Toolkit.Providers.WindowsMixedReality.csproj", "{2EC51457-A7A7-958A-64C5-FB51539103AE}"
EndProject
Project("{FAE04EC0-301F-11D3-BF4B-00C04F79EFBC}") = "Microsoft.MixedReality.Toolkit.Demos.Gltf", "Microsoft.MixedReality.Toolkit.Demos.Gltf.csproj", "{12718FCE-71F2-8753-FBD3-D0E1B5B70864}"
EndProject
Project("{FAE04EC0-301F-11D3-BF4B-00C04F79EFBC}") = "Microsoft.MixedReality.Toolkit.Providers.WindowsVoiceInput", "Microsoft.MixedReality.Toolkit.Providers.WindowsVoiceInput.csproj", "{4E9D0A33-9CDD-847B-4700-32843518DA89}"
EndProject
Project("{FAE04EC0-301F-11D3-BF4B-00C04F79EFBC}") = "Microsoft.MixedReality.Toolkit.Services.TeleportSystem", "Microsoft.MixedReality.Toolkit.Services.TeleportSystem.csproj", "{53B5B31B-2FFE-FEFB-F15E-F0BC3C48E042}"
EndProject
Project("{FAE04EC0-301F-11D3-BF4B-00C04F79EFBC}") = "Microsoft.MixedReality.Toolkit.Services.CameraSystem", "Microsoft.MixedReality.Toolkit.Services.CameraSystem.csproj", "{B1124224-68EE-F531-014D-DB2EA7D92245}"
EndProject
Project("{FAE04EC0-301F-11D3-BF4B-00C04F79EFBC}") = "Microsoft.MixedReality.Toolkit.Services.BoundarySystem", "Microsoft.MixedReality.Toolkit.Services.BoundarySystem.csproj", "{35E6786E-0D81-10D6-0831-41E2AFF5DA99}"
EndProject
Project("{FAE04EC0-301F-11D3-BF4B-00C04F79EFBC}") = "Microsoft.MixedReality.Toolkit.Demos.UX.Interactables", "Microsoft.MixedReality.Toolkit.Demos.UX.Interactables.csproj", "{FF01824E-B6DF-A7EA-C589-5F53F4FDE026}"
EndProject
Project("{FAE04EC0-301F-11D3-BF4B-00C04F79EFBC}") = "Assembly-CSharp-Editor", "Assembly-CSharp-Editor.csproj", "{1907238F-6DB9-ECEC-59BB-4E295D39F127}"
EndProject
Project("{FAE04EC0-301F-11D3-BF4B-00C04F79EFBC}") = "Microsoft.MixedReality.Toolkit.SDK.Inspectors", "Microsoft.MixedReality.Toolkit.SDK.Inspectors.csproj", "{6BE3C350-10D8-B8A8-15D9-A29462E9EE8E}"
EndProject
Project("{FAE04EC0-301F-11D3-BF4B-00C04F79EFBC}") = "Microsoft.MixedReality.Toolkit.Editor.Inspectors", "Microsoft.MixedReality.Toolkit.Editor.Inspectors.csproj", "{DA9AA506-2D18-B292-B8E6-AE17EA774D1F}"
EndProject
Project("{FAE04EC0-301F-11D3-BF4B-00C04F79EFBC}") = "Microsoft.MixedReality.Toolkit.Editor.ServiceInspectors", "Microsoft.MixedReality.Toolkit.Editor.ServiceInspectors.csproj", "{3FC25A9A-D9DB-9346-07CF-7A91F1CDB02E}"
EndProject
Project("{FAE04EC0-301F-11D3-BF4B-00C04F79EFBC}") = "Microsoft.MixedReality.Toolkit.Demos.InspectorFields.Inspectors", "Microsoft.MixedReality.Toolkit.Demos.InspectorFields.Inspectors.csproj", "{0C740F16-3A3A-9EF4-50AD-B8D579CF96E2}"
EndProject
Project("{FAE04EC0-301F-11D3-BF4B-00C04F79EFBC}") = "Microsoft.MixedReality.Toolkit.Editor.Utilities", "Microsoft.MixedReality.Toolkit.Editor.Utilities.csproj", "{4CD69B85-B81F-7082-A6F5-082FAFEEE46D}"
EndProject
Project("{FAE04EC0-301F-11D3-BF4B-00C04F79EFBC}") = "Microsoft.MixedReality.Toolkit.Providers.ObjectMeshObserver", "Microsoft.MixedReality.Toolkit.Providers.ObjectMeshObserver.csproj", "{974C3DE9-12D7-7571-A093-AA80CA691E9B}"
EndProject
Project("{FAE04EC0-301F-11D3-BF4B-00C04F79EFBC}") = "Microsoft.MixedReality.Toolkit.Gltf.Importers", "Microsoft.MixedReality.Toolkit.Gltf.Importers.csproj", "{EC050E48-F17E-AFF7-9C4D-BE4A09FCB446}"
EndProject
Project("{FAE04EC0-301F-11D3-BF4B-00C04F79EFBC}") = "Microsoft.MixedReality.Toolkit.Editor.BuildAndDeploy", "Microsoft.MixedReality.Toolkit.Editor.BuildAndDeploy.csproj", "{A641FE97-036B-6983-54D9-5BEF4FF1F21E}"
EndProject
Project("{FAE04EC0-301F-11D3-BF4B-00C04F79EFBC}") = "Microsoft.MixedReality.Toolkit.Services.InputSimulation.Editor", "Microsoft.MixedReality.Toolkit.Services.InputSimulation.Editor.csproj", "{96CFAD14-3F9A-34F3-254C-7C9DD098E825}"
EndProject
Project("{FAE04EC0-301F-11D3-BF4B-00C04F79EFBC}") = "Microsoft.MixedReality.Toolkit.Demos.StandardShader.Inspectors", "Microsoft.MixedReality.Toolkit.Demos.StandardShader.Inspectors.csproj", "{560EC8ED-B262-AB57-6D95-318D18979B57}"
EndProject
Project("{FAE04EC0-301F-11D3-BF4B-00C04F79EFBC}") = "Microsoft.MixedReality.Toolkit.Services.InputSystem.Editor", "Microsoft.MixedReality.Toolkit.Services.InputSystem.Editor.csproj", "{E0178948-F2D6-76F2-38D8-BC0377C4D3EE}"
EndProject
Project("{FAE04EC0-301F-11D3-BF4B-00C04F79EFBC}") = "Microsoft.MixedReality.Toolkit.Editor.ClassExtensions", "Microsoft.MixedReality.Toolkit.Editor.ClassExtensions.csproj", "{73A57B5D-774C-5E09-D681-F90B7CA13FFE}"
EndProject
Project("{FAE04EC0-301F-11D3-BF4B-00C04F79EFBC}") = "Microsoft.MixedReality.Toolkit.Demos.Gltf.Inspectors", "Microsoft.MixedReality.Toolkit.Demos.Gltf.Inspectors.csproj", "{0E6626AA-132F-E3EB-4C88-6389FE6C52B0}"
EndProject
Project("{FAE04EC0-301F-11D3-BF4B-00C04F79EFBC}") = "Microsoft.MixedReality.Toolkit.Services.InputAnimation.Editor", "Microsoft.MixedReality.Toolkit.Services.InputAnimation.Editor.csproj", "{A8BA068E-99BA-E300-F4F1-57CEFE822CB2}"
EndProject
Global
	GlobalSection(SolutionConfigurationPlatforms) = preSolution
		Debug|Any CPU = Debug|Any CPU
		Release|Any CPU = Release|Any CPU
	EndGlobalSection
	GlobalSection(ProjectConfigurationPlatforms) = postSolution
		{62B0943F-DCBF-CBCC-A4B9-81DD704779FA}.Debug|Any CPU.ActiveCfg = Debug|Any CPU
		{62B0943F-DCBF-CBCC-A4B9-81DD704779FA}.Debug|Any CPU.Build.0 = Debug|Any CPU
		{62B0943F-DCBF-CBCC-A4B9-81DD704779FA}.Release|Any CPU.ActiveCfg = Release|Any CPU
		{62B0943F-DCBF-CBCC-A4B9-81DD704779FA}.Release|Any CPU.Build.0 = Release|Any CPU
		{FEDF60B9-DC3A-1874-E257-06BFEC05E406}.Debug|Any CPU.ActiveCfg = Debug|Any CPU
		{FEDF60B9-DC3A-1874-E257-06BFEC05E406}.Debug|Any CPU.Build.0 = Debug|Any CPU
		{FEDF60B9-DC3A-1874-E257-06BFEC05E406}.Release|Any CPU.ActiveCfg = Release|Any CPU
		{FEDF60B9-DC3A-1874-E257-06BFEC05E406}.Release|Any CPU.Build.0 = Release|Any CPU
		{98DBB542-08AB-E198-57A2-CCE93A5E60C7}.Debug|Any CPU.ActiveCfg = Debug|Any CPU
		{98DBB542-08AB-E198-57A2-CCE93A5E60C7}.Debug|Any CPU.Build.0 = Debug|Any CPU
		{98DBB542-08AB-E198-57A2-CCE93A5E60C7}.Release|Any CPU.ActiveCfg = Release|Any CPU
		{98DBB542-08AB-E198-57A2-CCE93A5E60C7}.Release|Any CPU.Build.0 = Release|Any CPU
		{FC90FA30-8603-1762-9759-D470FFFCBDC7}.Debug|Any CPU.ActiveCfg = Debug|Any CPU
		{FC90FA30-8603-1762-9759-D470FFFCBDC7}.Debug|Any CPU.Build.0 = Debug|Any CPU
		{FC90FA30-8603-1762-9759-D470FFFCBDC7}.Release|Any CPU.ActiveCfg = Release|Any CPU
		{FC90FA30-8603-1762-9759-D470FFFCBDC7}.Release|Any CPU.Build.0 = Release|Any CPU
		{05FFF3A4-29B4-C311-364B-F3A54F51364B}.Debug|Any CPU.ActiveCfg = Debug|Any CPU
		{05FFF3A4-29B4-C311-364B-F3A54F51364B}.Debug|Any CPU.Build.0 = Debug|Any CPU
		{05FFF3A4-29B4-C311-364B-F3A54F51364B}.Release|Any CPU.ActiveCfg = Release|Any CPU
		{05FFF3A4-29B4-C311-364B-F3A54F51364B}.Release|Any CPU.Build.0 = Release|Any CPU
		{BDCBCAA5-E476-C49B-2CE0-13F8601215FB}.Debug|Any CPU.ActiveCfg = Debug|Any CPU
		{BDCBCAA5-E476-C49B-2CE0-13F8601215FB}.Debug|Any CPU.Build.0 = Debug|Any CPU
		{BDCBCAA5-E476-C49B-2CE0-13F8601215FB}.Release|Any CPU.ActiveCfg = Release|Any CPU
		{BDCBCAA5-E476-C49B-2CE0-13F8601215FB}.Release|Any CPU.Build.0 = Release|Any CPU
		{F91F79BC-0540-B3B3-63CF-34779E75DFC1}.Debug|Any CPU.ActiveCfg = Debug|Any CPU
		{F91F79BC-0540-B3B3-63CF-34779E75DFC1}.Debug|Any CPU.Build.0 = Debug|Any CPU
		{F91F79BC-0540-B3B3-63CF-34779E75DFC1}.Release|Any CPU.ActiveCfg = Release|Any CPU
		{F91F79BC-0540-B3B3-63CF-34779E75DFC1}.Release|Any CPU.Build.0 = Release|Any CPU
		{B4902718-AE55-E2E9-F135-156A211131F0}.Debug|Any CPU.ActiveCfg = Debug|Any CPU
		{B4902718-AE55-E2E9-F135-156A211131F0}.Debug|Any CPU.Build.0 = Debug|Any CPU
		{B4902718-AE55-E2E9-F135-156A211131F0}.Release|Any CPU.ActiveCfg = Release|Any CPU
		{B4902718-AE55-E2E9-F135-156A211131F0}.Release|Any CPU.Build.0 = Release|Any CPU
		{9F23788E-F3DA-1F1D-7A08-167EC04E80DA}.Debug|Any CPU.ActiveCfg = Debug|Any CPU
		{9F23788E-F3DA-1F1D-7A08-167EC04E80DA}.Debug|Any CPU.Build.0 = Debug|Any CPU
		{9F23788E-F3DA-1F1D-7A08-167EC04E80DA}.Release|Any CPU.ActiveCfg = Release|Any CPU
		{9F23788E-F3DA-1F1D-7A08-167EC04E80DA}.Release|Any CPU.Build.0 = Release|Any CPU
		{212D5C40-F7DE-602F-A808-91D8FB9345C8}.Debug|Any CPU.ActiveCfg = Debug|Any CPU
		{212D5C40-F7DE-602F-A808-91D8FB9345C8}.Debug|Any CPU.Build.0 = Debug|Any CPU
		{212D5C40-F7DE-602F-A808-91D8FB9345C8}.Release|Any CPU.ActiveCfg = Release|Any CPU
		{212D5C40-F7DE-602F-A808-91D8FB9345C8}.Release|Any CPU.Build.0 = Release|Any CPU
		{FAE95D7C-DDAA-308C-B34F-2F268F7F809E}.Debug|Any CPU.ActiveCfg = Debug|Any CPU
		{FAE95D7C-DDAA-308C-B34F-2F268F7F809E}.Debug|Any CPU.Build.0 = Debug|Any CPU
		{FAE95D7C-DDAA-308C-B34F-2F268F7F809E}.Release|Any CPU.ActiveCfg = Release|Any CPU
		{FAE95D7C-DDAA-308C-B34F-2F268F7F809E}.Release|Any CPU.Build.0 = Release|Any CPU
		{CBAC722F-2344-2847-3601-00EF0ABB0E14}.Debug|Any CPU.ActiveCfg = Debug|Any CPU
		{CBAC722F-2344-2847-3601-00EF0ABB0E14}.Debug|Any CPU.Build.0 = Debug|Any CPU
		{CBAC722F-2344-2847-3601-00EF0ABB0E14}.Release|Any CPU.ActiveCfg = Release|Any CPU
		{CBAC722F-2344-2847-3601-00EF0ABB0E14}.Release|Any CPU.Build.0 = Release|Any CPU
		{F27E0D9B-AFEC-F4CC-ECF7-C5816E0CDE17}.Debug|Any CPU.ActiveCfg = Debug|Any CPU
		{F27E0D9B-AFEC-F4CC-ECF7-C5816E0CDE17}.Debug|Any CPU.Build.0 = Debug|Any CPU
		{F27E0D9B-AFEC-F4CC-ECF7-C5816E0CDE17}.Release|Any CPU.ActiveCfg = Release|Any CPU
		{F27E0D9B-AFEC-F4CC-ECF7-C5816E0CDE17}.Release|Any CPU.Build.0 = Release|Any CPU
		{27FF859E-39EA-2792-C528-7D9D725A1D34}.Debug|Any CPU.ActiveCfg = Debug|Any CPU
		{27FF859E-39EA-2792-C528-7D9D725A1D34}.Debug|Any CPU.Build.0 = Debug|Any CPU
		{27FF859E-39EA-2792-C528-7D9D725A1D34}.Release|Any CPU.ActiveCfg = Release|Any CPU
		{27FF859E-39EA-2792-C528-7D9D725A1D34}.Release|Any CPU.Build.0 = Release|Any CPU
		{2EC51457-A7A7-958A-64C5-FB51539103AE}.Debug|Any CPU.ActiveCfg = Debug|Any CPU
		{2EC51457-A7A7-958A-64C5-FB51539103AE}.Debug|Any CPU.Build.0 = Debug|Any CPU
		{2EC51457-A7A7-958A-64C5-FB51539103AE}.Release|Any CPU.ActiveCfg = Release|Any CPU
		{2EC51457-A7A7-958A-64C5-FB51539103AE}.Release|Any CPU.Build.0 = Release|Any CPU
		{12718FCE-71F2-8753-FBD3-D0E1B5B70864}.Debug|Any CPU.ActiveCfg = Debug|Any CPU
		{12718FCE-71F2-8753-FBD3-D0E1B5B70864}.Debug|Any CPU.Build.0 = Debug|Any CPU
		{12718FCE-71F2-8753-FBD3-D0E1B5B70864}.Release|Any CPU.ActiveCfg = Release|Any CPU
		{12718FCE-71F2-8753-FBD3-D0E1B5B70864}.Release|Any CPU.Build.0 = Release|Any CPU
		{4E9D0A33-9CDD-847B-4700-32843518DA89}.Debug|Any CPU.ActiveCfg = Debug|Any CPU
		{4E9D0A33-9CDD-847B-4700-32843518DA89}.Debug|Any CPU.Build.0 = Debug|Any CPU
		{4E9D0A33-9CDD-847B-4700-32843518DA89}.Release|Any CPU.ActiveCfg = Release|Any CPU
		{4E9D0A33-9CDD-847B-4700-32843518DA89}.Release|Any CPU.Build.0 = Release|Any CPU
		{53B5B31B-2FFE-FEFB-F15E-F0BC3C48E042}.Debug|Any CPU.ActiveCfg = Debug|Any CPU
		{53B5B31B-2FFE-FEFB-F15E-F0BC3C48E042}.Debug|Any CPU.Build.0 = Debug|Any CPU
		{53B5B31B-2FFE-FEFB-F15E-F0BC3C48E042}.Release|Any CPU.ActiveCfg = Release|Any CPU
		{53B5B31B-2FFE-FEFB-F15E-F0BC3C48E042}.Release|Any CPU.Build.0 = Release|Any CPU
		{B1124224-68EE-F531-014D-DB2EA7D92245}.Debug|Any CPU.ActiveCfg = Debug|Any CPU
		{B1124224-68EE-F531-014D-DB2EA7D92245}.Debug|Any CPU.Build.0 = Debug|Any CPU
		{B1124224-68EE-F531-014D-DB2EA7D92245}.Release|Any CPU.ActiveCfg = Release|Any CPU
		{B1124224-68EE-F531-014D-DB2EA7D92245}.Release|Any CPU.Build.0 = Release|Any CPU
		{35E6786E-0D81-10D6-0831-41E2AFF5DA99}.Debug|Any CPU.ActiveCfg = Debug|Any CPU
		{35E6786E-0D81-10D6-0831-41E2AFF5DA99}.Debug|Any CPU.Build.0 = Debug|Any CPU
		{35E6786E-0D81-10D6-0831-41E2AFF5DA99}.Release|Any CPU.ActiveCfg = Release|Any CPU
		{35E6786E-0D81-10D6-0831-41E2AFF5DA99}.Release|Any CPU.Build.0 = Release|Any CPU
		{FF01824E-B6DF-A7EA-C589-5F53F4FDE026}.Debug|Any CPU.ActiveCfg = Debug|Any CPU
		{FF01824E-B6DF-A7EA-C589-5F53F4FDE026}.Debug|Any CPU.Build.0 = Debug|Any CPU
		{FF01824E-B6DF-A7EA-C589-5F53F4FDE026}.Release|Any CPU.ActiveCfg = Release|Any CPU
		{FF01824E-B6DF-A7EA-C589-5F53F4FDE026}.Release|Any CPU.Build.0 = Release|Any CPU
		{1907238F-6DB9-ECEC-59BB-4E295D39F127}.Debug|Any CPU.ActiveCfg = Debug|Any CPU
		{1907238F-6DB9-ECEC-59BB-4E295D39F127}.Debug|Any CPU.Build.0 = Debug|Any CPU
		{1907238F-6DB9-ECEC-59BB-4E295D39F127}.Release|Any CPU.ActiveCfg = Release|Any CPU
		{1907238F-6DB9-ECEC-59BB-4E295D39F127}.Release|Any CPU.Build.0 = Release|Any CPU
		{6BE3C350-10D8-B8A8-15D9-A29462E9EE8E}.Debug|Any CPU.ActiveCfg = Debug|Any CPU
		{6BE3C350-10D8-B8A8-15D9-A29462E9EE8E}.Debug|Any CPU.Build.0 = Debug|Any CPU
		{6BE3C350-10D8-B8A8-15D9-A29462E9EE8E}.Release|Any CPU.ActiveCfg = Release|Any CPU
		{6BE3C350-10D8-B8A8-15D9-A29462E9EE8E}.Release|Any CPU.Build.0 = Release|Any CPU
		{DA9AA506-2D18-B292-B8E6-AE17EA774D1F}.Debug|Any CPU.ActiveCfg = Debug|Any CPU
		{DA9AA506-2D18-B292-B8E6-AE17EA774D1F}.Debug|Any CPU.Build.0 = Debug|Any CPU
		{DA9AA506-2D18-B292-B8E6-AE17EA774D1F}.Release|Any CPU.ActiveCfg = Release|Any CPU
		{DA9AA506-2D18-B292-B8E6-AE17EA774D1F}.Release|Any CPU.Build.0 = Release|Any CPU
		{3FC25A9A-D9DB-9346-07CF-7A91F1CDB02E}.Debug|Any CPU.ActiveCfg = Debug|Any CPU
		{3FC25A9A-D9DB-9346-07CF-7A91F1CDB02E}.Debug|Any CPU.Build.0 = Debug|Any CPU
		{3FC25A9A-D9DB-9346-07CF-7A91F1CDB02E}.Release|Any CPU.ActiveCfg = Release|Any CPU
		{3FC25A9A-D9DB-9346-07CF-7A91F1CDB02E}.Release|Any CPU.Build.0 = Release|Any CPU
		{0C740F16-3A3A-9EF4-50AD-B8D579CF96E2}.Debug|Any CPU.ActiveCfg = Debug|Any CPU
		{0C740F16-3A3A-9EF4-50AD-B8D579CF96E2}.Debug|Any CPU.Build.0 = Debug|Any CPU
		{0C740F16-3A3A-9EF4-50AD-B8D579CF96E2}.Release|Any CPU.ActiveCfg = Release|Any CPU
		{0C740F16-3A3A-9EF4-50AD-B8D579CF96E2}.Release|Any CPU.Build.0 = Release|Any CPU
		{4CD69B85-B81F-7082-A6F5-082FAFEEE46D}.Debug|Any CPU.ActiveCfg = Debug|Any CPU
		{4CD69B85-B81F-7082-A6F5-082FAFEEE46D}.Debug|Any CPU.Build.0 = Debug|Any CPU
		{4CD69B85-B81F-7082-A6F5-082FAFEEE46D}.Release|Any CPU.ActiveCfg = Release|Any CPU
		{4CD69B85-B81F-7082-A6F5-082FAFEEE46D}.Release|Any CPU.Build.0 = Release|Any CPU
		{974C3DE9-12D7-7571-A093-AA80CA691E9B}.Debug|Any CPU.ActiveCfg = Debug|Any CPU
		{974C3DE9-12D7-7571-A093-AA80CA691E9B}.Debug|Any CPU.Build.0 = Debug|Any CPU
		{974C3DE9-12D7-7571-A093-AA80CA691E9B}.Release|Any CPU.ActiveCfg = Release|Any CPU
		{974C3DE9-12D7-7571-A093-AA80CA691E9B}.Release|Any CPU.Build.0 = Release|Any CPU
		{EC050E48-F17E-AFF7-9C4D-BE4A09FCB446}.Debug|Any CPU.ActiveCfg = Debug|Any CPU
		{EC050E48-F17E-AFF7-9C4D-BE4A09FCB446}.Debug|Any CPU.Build.0 = Debug|Any CPU
		{EC050E48-F17E-AFF7-9C4D-BE4A09FCB446}.Release|Any CPU.ActiveCfg = Release|Any CPU
		{EC050E48-F17E-AFF7-9C4D-BE4A09FCB446}.Release|Any CPU.Build.0 = Release|Any CPU
		{A641FE97-036B-6983-54D9-5BEF4FF1F21E}.Debug|Any CPU.ActiveCfg = Debug|Any CPU
		{A641FE97-036B-6983-54D9-5BEF4FF1F21E}.Debug|Any CPU.Build.0 = Debug|Any CPU
		{A641FE97-036B-6983-54D9-5BEF4FF1F21E}.Release|Any CPU.ActiveCfg = Release|Any CPU
		{A641FE97-036B-6983-54D9-5BEF4FF1F21E}.Release|Any CPU.Build.0 = Release|Any CPU
		{96CFAD14-3F9A-34F3-254C-7C9DD098E825}.Debug|Any CPU.ActiveCfg = Debug|Any CPU
		{96CFAD14-3F9A-34F3-254C-7C9DD098E825}.Debug|Any CPU.Build.0 = Debug|Any CPU
		{96CFAD14-3F9A-34F3-254C-7C9DD098E825}.Release|Any CPU.ActiveCfg = Release|Any CPU
		{96CFAD14-3F9A-34F3-254C-7C9DD098E825}.Release|Any CPU.Build.0 = Release|Any CPU
		{560EC8ED-B262-AB57-6D95-318D18979B57}.Debug|Any CPU.ActiveCfg = Debug|Any CPU
		{560EC8ED-B262-AB57-6D95-318D18979B57}.Debug|Any CPU.Build.0 = Debug|Any CPU
		{560EC8ED-B262-AB57-6D95-318D18979B57}.Release|Any CPU.ActiveCfg = Release|Any CPU
		{560EC8ED-B262-AB57-6D95-318D18979B57}.Release|Any CPU.Build.0 = Release|Any CPU
		{E0178948-F2D6-76F2-38D8-BC0377C4D3EE}.Debug|Any CPU.ActiveCfg = Debug|Any CPU
		{E0178948-F2D6-76F2-38D8-BC0377C4D3EE}.Debug|Any CPU.Build.0 = Debug|Any CPU
		{E0178948-F2D6-76F2-38D8-BC0377C4D3EE}.Release|Any CPU.ActiveCfg = Release|Any CPU
		{E0178948-F2D6-76F2-38D8-BC0377C4D3EE}.Release|Any CPU.Build.0 = Release|Any CPU
		{73A57B5D-774C-5E09-D681-F90B7CA13FFE}.Debug|Any CPU.ActiveCfg = Debug|Any CPU
		{73A57B5D-774C-5E09-D681-F90B7CA13FFE}.Debug|Any CPU.Build.0 = Debug|Any CPU
		{73A57B5D-774C-5E09-D681-F90B7CA13FFE}.Release|Any CPU.ActiveCfg = Release|Any CPU
		{73A57B5D-774C-5E09-D681-F90B7CA13FFE}.Release|Any CPU.Build.0 = Release|Any CPU
		{0E6626AA-132F-E3EB-4C88-6389FE6C52B0}.Debug|Any CPU.ActiveCfg = Debug|Any CPU
		{0E6626AA-132F-E3EB-4C88-6389FE6C52B0}.Debug|Any CPU.Build.0 = Debug|Any CPU
		{0E6626AA-132F-E3EB-4C88-6389FE6C52B0}.Release|Any CPU.ActiveCfg = Release|Any CPU
		{0E6626AA-132F-E3EB-4C88-6389FE6C52B0}.Release|Any CPU.Build.0 = Release|Any CPU
		{A8BA068E-99BA-E300-F4F1-57CEFE822CB2}.Debug|Any CPU.ActiveCfg = Debug|Any CPU
		{A8BA068E-99BA-E300-F4F1-57CEFE822CB2}.Debug|Any CPU.Build.0 = Debug|Any CPU
		{A8BA068E-99BA-E300-F4F1-57CEFE822CB2}.Release|Any CPU.ActiveCfg = Release|Any CPU
		{A8BA068E-99BA-E300-F4F1-57CEFE822CB2}.Release|Any CPU.Build.0 = Release|Any CPU
	EndGlobalSection
	GlobalSection(SolutionProperties) = preSolution
		HideSolutionNode = FALSE
	EndGlobalSection
	GlobalSection(MonoDevelopProperties) = preSolution
		StartupItem = Assembly-CSharp.csproj
	EndGlobalSection
EndGlobal
